
Microsoft Visual Studio Solution File, Format Version 12.00
# Visual Studio 2013
VisualStudioVersion = 12.0.30324.0
MinimumVisualStudioVersion = 10.0.40219.1
Project("{FAE04EC0-301F-11D3-BF4B-00C04F79EFBC}") = "NLog.Slack", "NLog.Slack\NLog.Slack.csproj", "{ABF234B7-949A-4DFA-AB15-A121513FFAFD}"
EndProject
Project("{FAE04EC0-301F-11D3-BF4B-00C04F79EFBC}") = "NLog.Slack.Demo", "NLog.Slack.Demo\NLog.Slack.Demo.csproj", "{A98A6A45-C50C-4E65-89FC-ECF67112BB25}"
EndProject
Project("{FAE04EC0-301F-11D3-BF4B-00C04F79EFBC}") = "NLog.Slack.Tests", "NLog.Slack.Tests\NLog.Slack.Tests.csproj", "{71098B57-1615-43FB-9E5D-62311C004603}"
EndProject
Project("{2150E333-8FDC-42A3-9474-1A3956D46DE8}") = "Schema", "Schema", "{FCAA79B5-563B-4BA1-8F67-D9002E1B705B}"
	ProjectSection(SolutionItems) = preProject
		NLog.Slack.xsd = NLog.Slack.xsd
	EndProjectSection
EndProject
Global
	GlobalSection(SolutionConfigurationPlatforms) = preSolution
		Debug|Any CPU = Debug|Any CPU
		Release|Any CPU = Release|Any CPU
	EndGlobalSection
	GlobalSection(ProjectConfigurationPlatforms) = postSolution
		{ABF234B7-949A-4DFA-AB15-A121513FFAFD}.Debug|Any CPU.ActiveCfg = Debug|Any CPU
		{ABF234B7-949A-4DFA-AB15-A121513FFAFD}.Debug|Any CPU.Build.0 = Debug|Any CPU
		{ABF234B7-949A-4DFA-AB15-A121513FFAFD}.Release|Any CPU.ActiveCfg = Release|Any CPU
		{ABF234B7-949A-4DFA-AB15-A121513FFAFD}.Release|Any CPU.Build.0 = Release|Any CPU
		{A98A6A45-C50C-4E65-89FC-ECF67112BB25}.Debug|Any CPU.ActiveCfg = Debug|Any CPU
		{A98A6A45-C50C-4E65-89FC-ECF67112BB25}.Debug|Any CPU.Build.0 = Debug|Any CPU
		{A98A6A45-C50C-4E65-89FC-ECF67112BB25}.Release|Any CPU.ActiveCfg = Release|Any CPU
		{A98A6A45-C50C-4E65-89FC-ECF67112BB25}.Release|Any CPU.Build.0 = Release|Any CPU
		{71098B57-1615-43FB-9E5D-62311C004603}.Debug|Any CPU.ActiveCfg = Debug|Any CPU
		{71098B57-1615-43FB-9E5D-62311C004603}.Debug|Any CPU.Build.0 = Debug|Any CPU
		{71098B57-1615-43FB-9E5D-62311C004603}.Release|Any CPU.ActiveCfg = Release|Any CPU
		{71098B57-1615-43FB-9E5D-62311C004603}.Release|Any CPU.Build.0 = Release|Any CPU
	EndGlobalSection
	GlobalSection(SolutionProperties) = preSolution
		HideSolutionNode = FALSE
	EndGlobalSection
EndGlobal
